
Microsoft Visual Studio Solution File, Format Version 12.00
# Visual Studio Version 17
VisualStudioVersion = 17.8.34004.107
MinimumVisualStudioVersion = 10.0.40219.1
Project("{FAE04EC0-301F-11D3-BF4B-00C04F79EFBC}") = "projetkc", "projetkc\projetkc.csproj", "{31D4088A-5D70-4288-AB82-E1F832ED841D}"
EndProject
Global
	GlobalSection(SolutionConfigurationPlatforms) = preSolution
		Debug|Any CPU = Debug|Any CPU
		Release|Any CPU = Release|Any CPU
	EndGlobalSection
	GlobalSection(ProjectConfigurationPlatforms) = postSolution
		{31D4088A-5D70-4288-AB82-E1F832ED841D}.Debug|Any CPU.ActiveCfg = Debug|Any CPU
		{31D4088A-5D70-4288-AB82-E1F832ED841D}.Debug|Any CPU.Build.0 = Debug|Any CPU
		{31D4088A-5D70-4288-AB82-E1F832ED841D}.Release|Any CPU.ActiveCfg = Release|Any CPU
		{31D4088A-5D70-4288-AB82-E1F832ED841D}.Release|Any CPU.Build.0 = Release|Any CPU
	EndGlobalSection
	GlobalSection(SolutionProperties) = preSolution
		HideSolutionNode = FALSE
	EndGlobalSection
	GlobalSection(ExtensibilityGlobals) = postSolution
		SolutionGuid = {018370B3-AEFB-409B-98ED-A5DADE19A2E4}
	EndGlobalSection
EndGlobal
